{
    "name": "@jf/vue-prop-sep",
    "version": "2.0.0",
    "lockfileVersion": 1,
    "requires": true,
    "dependencies": {
        "@jf/prop-sep": {
            "version": "3.0.0",
            "resolved": "https://registry.npmjs.org/@jf/prop-sep/-/prop-sep-3.0.0.tgz",
            "integrity": "sha512-cOAyrTBxXLVmBa8YCwCj8rr/xUQ8Y6Sp8o6/zKl/XZMZTRTETxSUloCbtk4wHhcH+M3g/wiA3DOlcsYi5wjAlg=="
        }
    }
}
